Microsoft Visual Studio Solution File, Format Version 12.00
# Visual Studio Version 17
VisualStudioVersion = 17.5.2.0
MinimumVisualStudioVersion = 10.0.40219.1
Project("{2150E333-8FDC-42A3-9474-1A3956D46DE8}") = "src", "src", "{827E0CD3-B72D-47B6-A68D-7590B98EB39B}"
EndProject
Project("{2150E333-8FDC-42A3-9474-1A3956D46DE8}") = "agent_runner", "agent_runner", "{642C9903-8723-FB09-6CED-42F9CB3FFC24}"
EndProject
Project("{FAE04EC0-301F-11D3-BF4B-00C04F79EFBC}") = "AgentRunner.Tests", "src\agent_runner\AgentRunner.Tests\AgentRunner.Tests.csproj", "{87A3CDD7-45E0-ABF9-DC92-AA0581BF6ACB}"
EndProject
Project("{FAE04EC0-301F-11D3-BF4B-00C04F79EFBC}") = "AgentRunner", "src\agent_runner\AgentRunner\AgentRunner.csproj", "{4095703E-7E07-02AF-30B5-6A88D3E595B7}"
EndProject
Global
	GlobalSection(SolutionConfigurationPlatforms) = preSolution
		Debug|Any CPU = Debug|Any CPU
		Release|Any CPU = Release|Any CPU
	EndGlobalSection
	GlobalSection(ProjectConfigurationPlatforms) = postSolution
		{87A3CDD7-45E0-ABF9-DC92-AA0581BF6ACB}.Debug|Any CPU.ActiveCfg = Debug|Any CPU
		{87A3CDD7-45E0-ABF9-DC92-AA0581BF6ACB}.Debug|Any CPU.Build.0 = Debug|Any CPU
		{87A3CDD7-45E0-ABF9-DC92-AA0581BF6ACB}.Release|Any CPU.ActiveCfg = Release|Any CPU
		{87A3CDD7-45E0-ABF9-DC92-AA0581BF6ACB}.Release|Any CPU.Build.0 = Release|Any CPU
		{4095703E-7E07-02AF-30B5-6A88D3E595B7}.Debug|Any CPU.ActiveCfg = Debug|Any CPU
		{4095703E-7E07-02AF-30B5-6A88D3E595B7}.Debug|Any CPU.Build.0 = Debug|Any CPU
		{4095703E-7E07-02AF-30B5-6A88D3E595B7}.Release|Any CPU.ActiveCfg = Release|Any CPU
		{4095703E-7E07-02AF-30B5-6A88D3E595B7}.Release|Any CPU.Build.0 = Release|Any CPU
	EndGlobalSection
	GlobalSection(SolutionProperties) = preSolution
		HideSolutionNode = FALSE
	EndGlobalSection
	GlobalSection(NestedProjects) = preSolution
		{642C9903-8723-FB09-6CED-42F9CB3FFC24} = {827E0CD3-B72D-47B6-A68D-7590B98EB39B}
		{87A3CDD7-45E0-ABF9-DC92-AA0581BF6ACB} = {642C9903-8723-FB09-6CED-42F9CB3FFC24}
		{4095703E-7E07-02AF-30B5-6A88D3E595B7} = {642C9903-8723-FB09-6CED-42F9CB3FFC24}
	EndGlobalSection
	GlobalSection(ExtensibilityGlobals) = postSolution
		SolutionGuid = {78E0A9F8-6054-4ABC-91B8-BE506D44CAAA}
	EndGlobalSection
EndGlobal
